
Microsoft Visual Studio Solution File, Format Version 12.00
# Visual Studio Version 17
VisualStudioVersion = 17.14.36603.0
MinimumVisualStudioVersion = 10.0.40219.1
Project("{FAE04EC0-301F-11D3-BF4B-00C04F79EFBC}") = "ProductManagement.PaymentSystem.API", "ProductManagement.PaymentSystem.API\ProductManagement.PaymentSystem.API.csproj", "{4DD8D558-77F8-4AF3-8755-323532EE7807}"
EndProject
Project("{FAE04EC0-301F-11D3-BF4B-00C04F79EFBC}") = "ProductManagement.PaymentSystem.Core", "ProductManagement.PaymentSystem.Core\ProductManagement.PaymentSystem.Core.csproj", "{D19F67FC-FEF4-4BD7-A51B-FC612F433F44}"
EndProject
Project("{FAE04EC0-301F-11D3-BF4B-00C04F79EFBC}") = "ProductManagement.PaymentSystem.Application", "ProductManagement.PaymentSystem.Application\ProductManagement.PaymentSystem.Application.csproj", "{48755590-F41D-4147-927E-3A59A25F6B52}"
EndProject
Project("{FAE04EC0-301F-11D3-BF4B-00C04F79EFBC}") = "ProductManagement.PaymentSystem.Infrastructure", "ProductManagement.PaymentSystem.Infrastructure\ProductManagement.PaymentSystem.Infrastructure.csproj", "{9DED3449-C13C-4019-B527-E95214052A8A}"
EndProject
Global
	GlobalSection(SolutionConfigurationPlatforms) = preSolution
		Debug|Any CPU = Debug|Any CPU
		Release|Any CPU = Release|Any CPU
	EndGlobalSection
	GlobalSection(ProjectConfigurationPlatforms) = postSolution
		{4DD8D558-77F8-4AF3-8755-323532EE7807}.Debug|Any CPU.ActiveCfg = Debug|Any CPU
		{4DD8D558-77F8-4AF3-8755-323532EE7807}.Debug|Any CPU.Build.0 = Debug|Any CPU
		{4DD8D558-77F8-4AF3-8755-323532EE7807}.Release|Any CPU.ActiveCfg = Release|Any CPU
		{4DD8D558-77F8-4AF3-8755-323532EE7807}.Release|Any CPU.Build.0 = Release|Any CPU
		{D19F67FC-FEF4-4BD7-A51B-FC612F433F44}.Debug|Any CPU.ActiveCfg = Debug|Any CPU
		{D19F67FC-FEF4-4BD7-A51B-FC612F433F44}.Debug|Any CPU.Build.0 = Debug|Any CPU
		{D19F67FC-FEF4-4BD7-A51B-FC612F433F44}.Release|Any CPU.ActiveCfg = Release|Any CPU
		{D19F67FC-FEF4-4BD7-A51B-FC612F433F44}.Release|Any CPU.Build.0 = Release|Any CPU
		{48755590-F41D-4147-927E-3A59A25F6B52}.Debug|Any CPU.ActiveCfg = Debug|Any CPU
		{48755590-F41D-4147-927E-3A59A25F6B52}.Debug|Any CPU.Build.0 = Debug|Any CPU
		{48755590-F41D-4147-927E-3A59A25F6B52}.Release|Any CPU.ActiveCfg = Release|Any CPU
		{48755590-F41D-4147-927E-3A59A25F6B52}.Release|Any CPU.Build.0 = Release|Any CPU
		{9DED3449-C13C-4019-B527-E95214052A8A}.Debug|Any CPU.ActiveCfg = Debug|Any CPU
		{9DED3449-C13C-4019-B527-E95214052A8A}.Debug|Any CPU.Build.0 = Debug|Any CPU
		{9DED3449-C13C-4019-B527-E95214052A8A}.Release|Any CPU.ActiveCfg = Release|Any CPU
		{9DED3449-C13C-4019-B527-E95214052A8A}.Release|Any CPU.Build.0 = Release|Any CPU
	EndGlobalSection
	GlobalSection(SolutionProperties) = preSolution
		HideSolutionNode = FALSE
	EndGlobalSection
	GlobalSection(ExtensibilityGlobals) = postSolution
		SolutionGuid = {29AA4174-C9C9-4016-BA78-D1F45BCFB8E7}
	EndGlobalSection
EndGlobal
